
Microsoft Visual Studio Solution File, Format Version 12.00
# Visual Studio Version 17
VisualStudioVersion = 17.3.32922.545
MinimumVisualStudioVersion = 10.0.40219.1
Project("{FAE04EC0-301F-11D3-BF4B-00C04F79EFBC}") = "ParProgrammering1", "ParProgrammering1\ParProgrammering1.csproj", "{D79B78B4-D9CB-40FA-BF94-B572E37D42D5}"
EndProject
Project("{FAE04EC0-301F-11D3-BF4B-00C04F79EFBC}") = "ClassLibrary", "ClassLibrary\ClassLibrary.csproj", "{B6C55219-213C-4B98-AA1E-928F36B49423}"
EndProject
Project("{FAE04EC0-301F-11D3-BF4B-00C04F79EFBC}") = "ClassLibrary.Test", "ClassLibrary.Test\ClassLibrary.Test.csproj", "{395F9B63-E7B6-4422-912C-26C5898E3AC8}"
EndProject
Global
	GlobalSection(SolutionConfigurationPlatforms) = preSolution
		Debug|Any CPU = Debug|Any CPU
		Release|Any CPU = Release|Any CPU
	EndGlobalSection
	GlobalSection(ProjectConfigurationPlatforms) = postSolution
		{D79B78B4-D9CB-40FA-BF94-B572E37D42D5}.Debug|Any CPU.ActiveCfg = Debug|Any CPU
		{D79B78B4-D9CB-40FA-BF94-B572E37D42D5}.Debug|Any CPU.Build.0 = Debug|Any CPU
		{D79B78B4-D9CB-40FA-BF94-B572E37D42D5}.Release|Any CPU.ActiveCfg = Release|Any CPU
		{D79B78B4-D9CB-40FA-BF94-B572E37D42D5}.Release|Any CPU.Build.0 = Release|Any CPU
		{B6C55219-213C-4B98-AA1E-928F36B49423}.Debug|Any CPU.ActiveCfg = Debug|Any CPU
		{B6C55219-213C-4B98-AA1E-928F36B49423}.Debug|Any CPU.Build.0 = Debug|Any CPU
		{B6C55219-213C-4B98-AA1E-928F36B49423}.Release|Any CPU.ActiveCfg = Release|Any CPU
		{B6C55219-213C-4B98-AA1E-928F36B49423}.Release|Any CPU.Build.0 = Release|Any CPU
		{395F9B63-E7B6-4422-912C-26C5898E3AC8}.Debug|Any CPU.ActiveCfg = Debug|Any CPU
		{395F9B63-E7B6-4422-912C-26C5898E3AC8}.Debug|Any CPU.Build.0 = Debug|Any CPU
		{395F9B63-E7B6-4422-912C-26C5898E3AC8}.Release|Any CPU.ActiveCfg = Release|Any CPU
		{395F9B63-E7B6-4422-912C-26C5898E3AC8}.Release|Any CPU.Build.0 = Release|Any CPU
	EndGlobalSection
	GlobalSection(SolutionProperties) = preSolution
		HideSolutionNode = FALSE
	EndGlobalSection
	GlobalSection(ExtensibilityGlobals) = postSolution
		SolutionGuid = {19F4515B-6EC7-4BB7-A93C-8908B50659BC}
	EndGlobalSection
EndGlobal
